// !$*UTF8*$!
{
	archiveVersion = 1;
	classes = {
	};
	objectVersion = 48;
	objects = {

/* Begin PBXBuildFile section */
		3CFD6A68A50BC0F8F924070E /* Pods_Scripty.framework in Frameworks */ = {isa = PBXBuildFile; fileRef = 07C9F63D47E741227B2DBF0C /* Pods_Scripty.framework */; };
		8B0DF015205EC71B00C7F823 /* AppDelegate.swift in Sources */ = {isa = PBXBuildFile; fileRef = 8B0DF014205EC71B00C7F823 /* AppDelegate.swift */; };
		8B0DF019205EC71B00C7F823 /* Assets.xcassets in Resources */ = {isa = PBXBuildFile; fileRef = 8B0DF018205EC71B00C7F823 /* Assets.xcassets */; };
		8B0DF01C205EC71B00C7F823 /* Main.storyboard in Resources */ = {isa = PBXBuildFile; fileRef = 8B0DF01A205EC71B00C7F823 /* Main.storyboard */; };
		8B0DF035205ECA7600C7F823 /* MainMenu.swift in Sources */ = {isa = PBXBuildFile; fileRef = 8B0DF034205ECA7600C7F823 /* MainMenu.swift */; };
		8B0DF037205ECC4000C7F823 /* Shell.swift in Sources */ = {isa = PBXBuildFile; fileRef = 8B0DF036205ECC4000C7F823 /* Shell.swift */; };
		8B0DF039205ED7F900C7F823 /* Localizable.strings in Resources */ = {isa = PBXBuildFile; fileRef = 8B0DF038205ED7F900C7F823 /* Localizable.strings */; };
		8B0DF042205ED90F00C7F823 /* Command.swift in Sources */ = {isa = PBXBuildFile; fileRef = 8B0DF041205ED90F00C7F823 /* Command.swift */; };
		8B0DF047205EDB6F00C7F823 /* Localizable.swift in Sources */ = {isa = PBXBuildFile; fileRef = 8B0DF046205EDB6F00C7F823 /* Localizable.swift */; };
		8B0DF04E205EDE3B00C7F823 /* Event.swift in Sources */ = {isa = PBXBuildFile; fileRef = 8B0DF04D205EDE3B00C7F823 /* Event.swift */; };
		8B0DF050205EDF5600C7F823 /* CommandsService.swift in Sources */ = {isa = PBXBuildFile; fileRef = 8B0DF04F205EDF5600C7F823 /* CommandsService.swift */; };
		8B0DF053205EE15E00C7F823 /* MainMenuDataDisplayManager.swift in Sources */ = {isa = PBXBuildFile; fileRef = 8B0DF052205EE15E00C7F823 /* MainMenuDataDisplayManager.swift */; };
		8B0DF057205EE55500C7F823 /* MainMenuDataDisplayManagerTests.swift in Sources */ = {isa = PBXBuildFile; fileRef = 8B0DF056205EE55500C7F823 /* MainMenuDataDisplayManagerTests.swift */; };
		8B0DF05E205EF06800C7F823 /* CommandsServiceTests.swift in Sources */ = {isa = PBXBuildFile; fileRef = 8B0DF05D205EF06800C7F823 /* CommandsServiceTests.swift */; };
		F1F1247AFFBE4B42B305F002 /* Pods_Scripty_ScriptyTests.framework in Frameworks */ = {isa = PBXBuildFile; fileRef = 50BBB377E760FEABC18F3C13 /* Pods_Scripty_ScriptyTests.framework */; };
/* End PBXBuildFile section */

/* Begin PBXContainerItemProxy section */
		8B0DF024205EC71C00C7F823 /* PBXContainerItemProxy */ = {
			isa = PBXContainerItemProxy;
			containerPortal = 8B0DF009205EC71B00C7F823 /* Project object */;
			proxyType = 1;
			remoteGlobalIDString = 8B0DF010205EC71B00C7F823;
			remoteInfo = Scripty;
		};
/* End PBXContainerItemProxy section */

/* Begin PBXFileReference section */
		075584AEEB32F5D3901FFCC7 /* Pods-Scripty.debug.xcconfig */ = {isa = PBXFileReference; includeInIndex = 1; lastKnownFileType = text.xcconfig; name = "Pods-Scripty.debug.xcconfig"; path = "Pods/Target Support Files/Pods-Scripty/Pods-Scripty.debug.xcconfig"; sourceTree = "<group>"; };
		07C9F63D47E741227B2DBF0C /* Pods_Scripty.framework */ = {isa = PBXFileReference; explicitFileType = wrapper.framework; includeInIndex = 0; path = Pods_Scripty.framework; sourceTree = BUILT_PRODUCTS_DIR; };
		1927FC7C9469499B18746945 /* Pods-Scripty-ScriptyTests.debug.xcconfig */ = {isa = PBXFileReference; includeInIndex = 1; lastKnownFileType = text.xcconfig; name = "Pods-Scripty-ScriptyTests.debug.xcconfig"; path = "Pods/Target Support Files/Pods-Scripty-ScriptyTests/Pods-Scripty-ScriptyTests.debug.xcconfig"; sourceTree = "<group>"; };
		50BBB377E760FEABC18F3C13 /* Pods_Scripty_ScriptyTests.framework */ = {isa = PBXFileReference; explicitFileType = wrapper.framework; includeInIndex = 0; path = Pods_Scripty_ScriptyTests.framework; sourceTree = BUILT_PRODUCTS_DIR; };
		8B0DF011205EC71B00C7F823 /* Scripty.app */ = {isa = PBXFileReference; explicitFileType = wrapper.application; includeInIndex = 0; path = Scripty.app; sourceTree = BUILT_PRODUCTS_DIR; };
		8B0DF014205EC71B00C7F823 /* AppDelegate.swift */ = {isa = PBXFileReference; lastKnownFileType = sourcecode.swift; path = AppDelegate.swift; sourceTree = "<group>"; };
		8B0DF018205EC71B00C7F823 /* Assets.xcassets */ = {isa = PBXFileReference; lastKnownFileType = folder.assetcatalog; path = Assets.xcassets; sourceTree = "<group>"; };
		8B0DF01B205EC71B00C7F823 /* Base */ = {isa = PBXFileReference; lastKnownFileType = file.storyboard; name = Base; path = Base.lproj/Main.storyboard; sourceTree = "<group>"; };
		8B0DF01D205EC71B00C7F823 /* Info.plist */ = {isa = PBXFileReference; lastKnownFileType = text.plist.xml; path = Info.plist; sourceTree = "<group>"; };
		8B0DF01E205EC71B00C7F823 /* Scripty.entitlements */ = {isa = PBXFileReference; lastKnownFileType = text.plist.entitlements; path = Scripty.entitlements; sourceTree = "<group>"; };
		8B0DF023205EC71C00C7F823 /* ScriptyTests.xctest */ = {isa = PBXFileReference; explicitFileType = wrapper.cfbundle; includeInIndex = 0; path = ScriptyTests.xctest; sourceTree = BUILT_PRODUCTS_DIR; };
		8B0DF029205EC71C00C7F823 /* Info.plist */ = {isa = PBXFileReference; lastKnownFileType = text.plist.xml; path = Info.plist; sourceTree = "<group>"; };
		8B0DF034205ECA7600C7F823 /* MainMenu.swift */ = {isa = PBXFileReference; lastKnownFileType = sourcecode.swift; path = MainMenu.swift; sourceTree = "<group>"; };
		8B0DF036205ECC4000C7F823 /* Shell.swift */ = {isa = PBXFileReference; lastKnownFileType = sourcecode.swift; path = Shell.swift; sourceTree = "<group>"; };
		8B0DF038205ED7F900C7F823 /* Localizable.strings */ = {isa = PBXFileReference; lastKnownFileType = text.plist.strings; path = Localizable.strings; sourceTree = "<group>"; };
		8B0DF041205ED90F00C7F823 /* Command.swift */ = {isa = PBXFileReference; lastKnownFileType = sourcecode.swift; path = Command.swift; sourceTree = "<group>"; };
		8B0DF046205EDB6F00C7F823 /* Localizable.swift */ = {isa = PBXFileReference; lastKnownFileType = sourcecode.swift; path = Localizable.swift; sourceTree = "<group>"; };
		8B0DF04D205EDE3B00C7F823 /* Event.swift */ = {isa = PBXFileReference; lastKnownFileType = sourcecode.swift; path = Event.swift; sourceTree = "<group>"; };
		8B0DF04F205EDF5600C7F823 /* CommandsService.swift */ = {isa = PBXFileReference; lastKnownFileType = sourcecode.swift; path = CommandsService.swift; sourceTree = "<group>"; };
		8B0DF052205EE15E00C7F823 /* MainMenuDataDisplayManager.swift */ = {isa = PBXFileReference; fileEncoding = 4; lastKnownFileType = sourcecode.swift; path = MainMenuDataDisplayManager.swift; sourceTree = "<group>"; };
		8B0DF056205EE55500C7F823 /* MainMenuDataDisplayManagerTests.swift */ = {isa = PBXFileReference; lastKnownFileType = sourcecode.swift; path = MainMenuDataDisplayManagerTests.swift; sourceTree = "<group>"; };
		8B0DF05D205EF06800C7F823 /* CommandsServiceTests.swift */ = {isa = PBXFileReference; lastKnownFileType = sourcecode.swift; path = CommandsServiceTests.swift; sourceTree = "<group>"; };
		A68971C062A14CBD3BA5F595 /* Pods-Scripty.release.xcconfig */ = {isa = PBXFileReference; includeInIndex = 1; lastKnownFileType = text.xcconfig; name = "Pods-Scripty.release.xcconfig"; path = "Pods/Target Support Files/Pods-Scripty/Pods-Scripty.release.xcconfig"; sourceTree = "<group>"; };
		C2982CEAD9182B27C4C45517 /* Pods-Scripty-ScriptyTests.release.xcconfig */ = {isa = PBXFileReference; includeInIndex = 1; lastKnownFileType = text.xcconfig; name = "Pods-Scripty-ScriptyTests.release.xcconfig"; path = "Pods/Target Support Files/Pods-Scripty-ScriptyTests/Pods-Scripty-ScriptyTests.release.xcconfig"; sourceTree = "<group>"; };
/* End PBXFileReference section */

/* Begin PBXFrameworksBuildPhase section */
		8B0DF00E205EC71B00C7F823 /* Frameworks */ = {
			isa = PBXFrameworksBuildPhase;
			buildActionMask = 2147483647;
			files = (
				3CFD6A68A50BC0F8F924070E /* Pods_Scripty.framework in Frameworks */,
			);
			runOnlyForDeploymentPostprocessing = 0;
		};
		8B0DF020205EC71C00C7F823 /* Frameworks */ = {
			isa = PBXFrameworksBuildPhase;
			buildActionMask = 2147483647;
			files = (
				F1F1247AFFBE4B42B305F002 /* Pods_Scripty_ScriptyTests.framework in Frameworks */,
			);
			runOnlyForDeploymentPostprocessing = 0;
		};
/* End PBXFrameworksBuildPhase section */

/* Begin PBXGroup section */
		8B0DF008205EC71B00C7F823 = {
			isa = PBXGroup;
			children = (
				8B0DF013205EC71B00C7F823 /* Scripty */,
				8B0DF026205EC71C00C7F823 /* ScriptyTests */,
				8B0DF012205EC71B00C7F823 /* Products */,
				C0A3D6B2C024F853B2A8296B /* Pods */,
				F68D0DD8B9919E6A268F56F2 /* Frameworks */,
			);
			sourceTree = "<group>";
		};
		8B0DF012205EC71B00C7F823 /* Products */ = {
			isa = PBXGroup;
			children = (
				8B0DF011205EC71B00C7F823 /* Scripty.app */,
				8B0DF023205EC71C00C7F823 /* ScriptyTests.xctest */,
			);
			name = Products;
			sourceTree = "<group>";
		};
		8B0DF013205EC71B00C7F823 /* Scripty */ = {
			isa = PBXGroup;
			children = (
				8B0DF03A205ED81000C7F823 /* Application */,
				8B0DF03C205ED86400C7F823 /* Library */,
				8B0DF04A205EDB7F00C7F823 /* Models */,
				8B0DF03B205ED85800C7F823 /* Resources */,
				8B0DF051205EDF6100C7F823 /* Services */,
				8B0DF03D205ED86D00C7F823 /* User Stories */,
			);
			path = Scripty;
			sourceTree = "<group>";
		};
		8B0DF026205EC71C00C7F823 /* ScriptyTests */ = {
			isa = PBXGroup;
			children = (
				8B0DF029205EC71C00C7F823 /* Info.plist */,
				8B0DF058205EF01100C7F823 /* UserStories */,
			);
			path = ScriptyTests;
			sourceTree = "<group>";
		};
		8B0DF03A205ED81000C7F823 /* Application */ = {
			isa = PBXGroup;
			children = (
				8B0DF014205EC71B00C7F823 /* AppDelegate.swift */,
				8B0DF01D205EC71B00C7F823 /* Info.plist */,
				8B0DF01E205EC71B00C7F823 /* Scripty.entitlements */,
			);
			path = Application;
			sourceTree = "<group>";
		};
		8B0DF03B205ED85800C7F823 /* Resources */ = {
			isa = PBXGroup;
			children = (
				8B0DF048205EDB7200C7F823 /* Constants */,
				8B0DF045205EDB5D00C7F823 /* Images */,
				8B0DF044205EDB5200C7F823 /* Strings */,
			);
			path = Resources;
			sourceTree = "<group>";
		};
		8B0DF03C205ED86400C7F823 /* Library */ = {
			isa = PBXGroup;
			children = (
				8B0DF04D205EDE3B00C7F823 /* Event.swift */,
				8B0DF036205ECC4000C7F823 /* Shell.swift */,
			);
			path = Library;
			sourceTree = "<group>";
		};
		8B0DF03D205ED86D00C7F823 /* User Stories */ = {
			isa = PBXGroup;
			children = (
				8B0DF03E205ED87700C7F823 /* MainMenu */,
				8B0DF01A205EC71B00C7F823 /* Main.storyboard */,
			);
			path = "User Stories";
			sourceTree = "<group>";
		};
		8B0DF03E205ED87700C7F823 /* MainMenu */ = {
			isa = PBXGroup;
			children = (
				8B0DF034205ECA7600C7F823 /* MainMenu.swift */,
				8B0DF052205EE15E00C7F823 /* MainMenuDataDisplayManager.swift */,
			);
			path = MainMenu;
			sourceTree = "<group>";
		};
		8B0DF044205EDB5200C7F823 /* Strings */ = {
			isa = PBXGroup;
			children = (
				8B0DF038205ED7F900C7F823 /* Localizable.strings */,
			);
			path = Strings;
			sourceTree = "<group>";
		};
		8B0DF045205EDB5D00C7F823 /* Images */ = {
			isa = PBXGroup;
			children = (
				8B0DF018205EC71B00C7F823 /* Assets.xcassets */,
			);
			path = Images;
			sourceTree = "<group>";
		};
		8B0DF048205EDB7200C7F823 /* Constants */ = {
			isa = PBXGroup;
			children = (
				8B0DF046205EDB6F00C7F823 /* Localizable.swift */,
			);
			path = Constants;
			sourceTree = "<group>";
		};
		8B0DF04A205EDB7F00C7F823 /* Models */ = {
			isa = PBXGroup;
			children = (
				8B0DF041205ED90F00C7F823 /* Command.swift */,
			);
			path = Models;
			sourceTree = "<group>";
		};
		8B0DF051205EDF6100C7F823 /* Services */ = {
			isa = PBXGroup;
			children = (
				8B0DF04F205EDF5600C7F823 /* CommandsService.swift */,
			);
			path = Services;
			sourceTree = "<group>";
		};
		8B0DF058205EF01100C7F823 /* UserStories */ = {
			isa = PBXGroup;
			children = (
				8B0DF05C205EF05800C7F823 /* Services */,
				8B0DF059205EF01B00C7F823 /* MainMenu */,
			);
			path = UserStories;
			sourceTree = "<group>";
		};
		8B0DF059205EF01B00C7F823 /* MainMenu */ = {
			isa = PBXGroup;
			children = (
				8B0DF056205EE55500C7F823 /* MainMenuDataDisplayManagerTests.swift */,
			);
			path = MainMenu;
			sourceTree = "<group>";
		};
		8B0DF05C205EF05800C7F823 /* Services */ = {
			isa = PBXGroup;
			children = (
				8B0DF05D205EF06800C7F823 /* CommandsServiceTests.swift */,
			);
			path = Services;
			sourceTree = "<group>";
		};
		C0A3D6B2C024F853B2A8296B /* Pods */ = {
			isa = PBXGroup;
			children = (
				075584AEEB32F5D3901FFCC7 /* Pods-Scripty.debug.xcconfig */,
				A68971C062A14CBD3BA5F595 /* Pods-Scripty.release.xcconfig */,
				1927FC7C9469499B18746945 /* Pods-Scripty-ScriptyTests.debug.xcconfig */,
				C2982CEAD9182B27C4C45517 /* Pods-Scripty-ScriptyTests.release.xcconfig */,
			);
			name = Pods;
			sourceTree = "<group>";
		};
		F68D0DD8B9919E6A268F56F2 /* Frameworks */ = {
			isa = PBXGroup;
			children = (
				07C9F63D47E741227B2DBF0C /* Pods_Scripty.framework */,
				50BBB377E760FEABC18F3C13 /* Pods_Scripty_ScriptyTests.framework */,
			);
			name = Frameworks;
			sourceTree = "<group>";
		};
/* End PBXGroup section */

/* Begin PBXNativeTarget section */
		8B0DF010205EC71B00C7F823 /* Scripty */ = {
			isa = PBXNativeTarget;
			buildConfigurationList = 8B0DF02C205EC71C00C7F823 /* Build configuration list for PBXNativeTarget "Scripty" */;
			buildPhases = (
				C273FD4D154C2E3096CEA2D6 /* [CP] Check Pods Manifest.lock */,
				8B0DF043205EDA6D00C7F823 /* Swiftgen */,
				8B0DF00D205EC71B00C7F823 /* Sources */,
				8B0DF00E205EC71B00C7F823 /* Frameworks */,
				8B0DF00F205EC71B00C7F823 /* Resources */,
				8AC9A9BB9758250417891F49 /* [CP] Embed Pods Frameworks */,
				D3DF712912D82D4A0B4C928E /* [CP] Copy Pods Resources */,
			);
			buildRules = (
			);
			dependencies = (
			);
			name = Scripty;
			productName = Scripty;
			productReference = 8B0DF011205EC71B00C7F823 /* Scripty.app */;
			productType = "com.apple.product-type.application";
		};
		8B0DF022205EC71C00C7F823 /* ScriptyTests */ = {
			isa = PBXNativeTarget;
			buildConfigurationList = 8B0DF02F205EC71C00C7F823 /* Build configuration list for PBXNativeTarget "ScriptyTests" */;
			buildPhases = (
				88288941BCC78426BA75204B /* [CP] Check Pods Manifest.lock */,
				8B0DF01F205EC71C00C7F823 /* Sources */,
				8B0DF020205EC71C00C7F823 /* Frameworks */,
				8B0DF021205EC71C00C7F823 /* Resources */,
				701E2000C4BC01D2A3200D71 /* [CP] Embed Pods Frameworks */,
				FB78ACF302DA27C77F58F1B2 /* [CP] Copy Pods Resources */,
			);
			buildRules = (
			);
			dependencies = (
				8B0DF025205EC71C00C7F823 /* PBXTargetDependency */,
			);
			name = ScriptyTests;
			productName = ScriptyTests;
			productReference = 8B0DF023205EC71C00C7F823 /* ScriptyTests.xctest */;
			productType = "com.apple.product-type.bundle.unit-test";
		};
/* End PBXNativeTarget section */

/* Begin PBXProject section */
		8B0DF009205EC71B00C7F823 /* Project object */ = {
			isa = PBXProject;
			attributes = {
				LastSwiftUpdateCheck = 0920;
				LastUpgradeCheck = 0920;
				ORGANIZATIONNAME = "Ivan Smetanin";
				TargetAttributes = {
					8B0DF010205EC71B00C7F823 = {
						CreatedOnToolsVersion = 9.2;
						ProvisioningStyle = Automatic;
					};
					8B0DF022205EC71C00C7F823 = {
						CreatedOnToolsVersion = 9.2;
						ProvisioningStyle = Automatic;
						TestTargetID = 8B0DF010205EC71B00C7F823;
					};
				};
			};
			buildConfigurationList = 8B0DF00C205EC71B00C7F823 /* Build configuration list for PBXProject "Scripty" */;
			compatibilityVersion = "Xcode 8.0";
			developmentRegion = en;
			hasScannedForEncodings = 0;
			knownRegions = (
				en,
				Base,
			);
			mainGroup = 8B0DF008205EC71B00C7F823;
			productRefGroup = 8B0DF012205EC71B00C7F823 /* Products */;
			projectDirPath = "";
			projectRoot = "";
			targets = (
				8B0DF010205EC71B00C7F823 /* Scripty */,
				8B0DF022205EC71C00C7F823 /* ScriptyTests */,
			);
		};
/* End PBXProject section */

/* Begin PBXResourcesBuildPhase section */
		8B0DF00F205EC71B00C7F823 /* Resources */ = {
			isa = PBXResourcesBuildPhase;
			buildActionMask = 2147483647;
			files = (
				8B0DF019205EC71B00C7F823 /* Assets.xcassets in Resources */,
				8B0DF039205ED7F900C7F823 /* Localizable.strings in Resources */,
				8B0DF01C205EC71B00C7F823 /* Main.storyboard in Resources */,
			);
			runOnlyForDeploymentPostprocessing = 0;
		};
		8B0DF021205EC71C00C7F823 /* Resources */ = {
			isa = PBXResourcesBuildPhase;
			buildActionMask = 2147483647;
			files = (
			);
			runOnlyForDeploymentPostprocessing = 0;
		};
/* End PBXResourcesBuildPhase section */

/* Begin PBXShellScriptBuildPhase section */
		701E2000C4BC01D2A3200D71 /* [CP] Embed Pods Frameworks */ = {
			isa = PBXShellScriptBuildPhase;
			buildActionMask = 2147483647;
			files = (
			);
			inputPaths = (
			);
			name = "[CP] Embed Pods Frameworks";
			outputPaths = (
			);
			runOnlyForDeploymentPostprocessing = 0;
			shellPath = /bin/sh;
			shellScript = "\"${SRCROOT}/Pods/Target Support Files/Pods-Scripty-ScriptyTests/Pods-Scripty-ScriptyTests-frameworks.sh\"\n";
			showEnvVarsInLog = 0;
		};
		88288941BCC78426BA75204B /* [CP] Check Pods Manifest.lock */ = {
			isa = PBXShellScriptBuildPhase;
			buildActionMask = 2147483647;
			files = (
			);
			inputPaths = (
				"${PODS_PODFILE_DIR_PATH}/Podfile.lock",
				"${PODS_ROOT}/Manifest.lock",
			);
			name = "[CP] Check Pods Manifest.lock";
			outputPaths = (
				"$(DERIVED_FILE_DIR)/Pods-Scripty-ScriptyTests-checkManifestLockResult.txt",
			);
			runOnlyForDeploymentPostprocessing = 0;
			shellPath = /bin/sh;
			shellScript = "diff \"${PODS_PODFILE_DIR_PATH}/Podfile.lock\" \"${PODS_ROOT}/Manifest.lock\" > /dev/null\nif [ $? != 0 ] ; then\n    # print error to STDERR\n    echo \"error: The sandbox is not in sync with the Podfile.lock. Run 'pod install' or update your CocoaPods installation.\" >&2\n    exit 1\nfi\n# This output is used by Xcode 'outputs' to avoid re-running this script phase.\necho \"SUCCESS\" > \"${SCRIPT_OUTPUT_FILE_0}\"\n";
			showEnvVarsInLog = 0;
		};
		8AC9A9BB9758250417891F49 /* [CP] Embed Pods Frameworks */ = {
			isa = PBXShellScriptBuildPhase;
			buildActionMask = 2147483647;
			files = (
			);
			inputPaths = (
			);
			name = "[CP] Embed Pods Frameworks";
			outputPaths = (
			);
			runOnlyForDeploymentPostprocessing = 0;
			shellPath = /bin/sh;
			shellScript = "\"${SRCROOT}/Pods/Target Support Files/Pods-Scripty/Pods-Scripty-frameworks.sh\"\n";
			showEnvVarsInLog = 0;
		};
		8B0DF043205EDA6D00C7F823 /* Swiftgen */ = {
			isa = PBXShellScriptBuildPhase;
			buildActionMask = 2147483647;
			files = (
			);
			inputPaths = (
			);
			name = Swiftgen;
			outputPaths = (
			);
			runOnlyForDeploymentPostprocessing = 0;
			shellPath = /bin/sh;
			shellScript = $PODS_ROOT/SwiftGen/bin/swiftgen;
		};
		C273FD4D154C2E3096CEA2D6 /* [CP] Check Pods Manifest.lock */ = {
			isa = PBXShellScriptBuildPhase;
			buildActionMask = 2147483647;
			files = (
			);
			inputPaths = (
				"${PODS_PODFILE_DIR_PATH}/Podfile.lock",
				"${PODS_ROOT}/Manifest.lock",
			);
			name = "[CP] Check Pods Manifest.lock";
			outputPaths = (
				"$(DERIVED_FILE_DIR)/Pods-Scripty-checkManifestLockResult.txt",
			);
			runOnlyForDeploymentPostprocessing = 0;
			shellPath = /bin/sh;
			shellScript = "diff \"${PODS_PODFILE_DIR_PATH}/Podfile.lock\" \"${PODS_ROOT}/Manifest.lock\" > /dev/null\nif [ $? != 0 ] ; then\n    # print error to STDERR\n    echo \"error: The sandbox is not in sync with the Podfile.lock. Run 'pod install' or update your CocoaPods installation.\" >&2\n    exit 1\nfi\n# This output is used by Xcode 'outputs' to avoid re-running this script phase.\necho \"SUCCESS\" > \"${SCRIPT_OUTPUT_FILE_0}\"\n";
			showEnvVarsInLog = 0;
		};
		D3DF712912D82D4A0B4C928E /* [CP] Copy Pods Resources */ = {
			isa = PBXShellScriptBuildPhase;
			buildActionMask = 2147483647;
			files = (
			);
			inputPaths = (
			);
			name = "[CP] Copy Pods Resources";
			outputPaths = (
			);
			runOnlyForDeploymentPostprocessing = 0;
			shellPath = /bin/sh;
			shellScript = "\"${SRCROOT}/Pods/Target Support Files/Pods-Scripty/Pods-Scripty-resources.sh\"\n";
			showEnvVarsInLog = 0;
		};
		FB78ACF302DA27C77F58F1B2 /* [CP] Copy Pods Resources */ = {
			isa = PBXShellScriptBuildPhase;
			buildActionMask = 2147483647;
			files = (
			);
			inputPaths = (
			);
			name = "[CP] Copy Pods Resources";
			outputPaths = (
			);
			runOnlyForDeploymentPostprocessing = 0;
			shellPath = /bin/sh;
			shellScript = "\"${SRCROOT}/Pods/Target Support Files/Pods-Scripty-ScriptyTests/Pods-Scripty-ScriptyTests-resources.sh\"\n";
			showEnvVarsInLog = 0;
		};
/* End PBXShellScriptBuildPhase section */

/* Begin PBXSourcesBuildPhase section */
		8B0DF00D205EC71B00C7F823 /* Sources */ = {
			isa = PBXSourcesBuildPhase;
			buildActionMask = 2147483647;
			files = (
				8B0DF053205EE15E00C7F823 /* MainMenuDataDisplayManager.swift in Sources */,
				8B0DF050205EDF5600C7F823 /* CommandsService.swift in Sources */,
				8B0DF037205ECC4000C7F823 /* Shell.swift in Sources */,
				8B0DF035205ECA7600C7F823 /* MainMenu.swift in Sources */,
				8B0DF047205EDB6F00C7F823 /* Localizable.swift in Sources */,
				8B0DF015205EC71B00C7F823 /* AppDelegate.swift in Sources */,
				8B0DF04E205EDE3B00C7F823 /* Event.swift in Sources */,
				8B0DF042205ED90F00C7F823 /* Command.swift in Sources */,
			);
			runOnlyForDeploymentPostprocessing = 0;
		};
		8B0DF01F205EC71C00C7F823 /* Sources */ = {
			isa = PBXSourcesBuildPhase;
			buildActionMask = 2147483647;
			files = (
				8B0DF057205EE55500C7F823 /* MainMenuDataDisplayManagerTests.swift in Sources */,
				8B0DF05E205EF06800C7F823 /* CommandsServiceTests.swift in Sources */,
			);
			runOnlyForDeploymentPostprocessing = 0;
		};
/* End PBXSourcesBuildPhase section */

/* Begin PBXTargetDependency section */
		8B0DF025205EC71C00C7F823 /* PBXTargetDependency */ = {
			isa = PBXTargetDependency;
			target = 8B0DF010205EC71B00C7F823 /* Scripty */;
			targetProxy = 8B0DF024205EC71C00C7F823 /* PBXContainerItemProxy */;
		};
/* End PBXTargetDependency section */

/* Begin PBXVariantGroup section */
		8B0DF01A205EC71B00C7F823 /* Main.storyboard */ = {
			isa = PBXVariantGroup;
			children = (
				8B0DF01B205EC71B00C7F823 /* Base */,
			);
			name = Main.storyboard;
			sourceTree = "<group>";
		};
/* End PBXVariantGroup section */

/* Begin XCBuildConfiguration section */
		8B0DF02A205EC71C00C7F823 /* Debug */ = {
			isa = XCBuildConfiguration;
			buildSettings = {
				ALWAYS_SEARCH_USER_PATHS = NO;
				CLANG_ANALYZER_NONNULL = YES;
				CLANG_ANALYZER_NUMBER_OBJECT_CONVERSION = YES_AGGRESSIVE;
				CLANG_CXX_LANGUAGE_STANDARD = "gnu++14";
				CLANG_CXX_LIBRARY = "libc++";
				CLANG_ENABLE_MODULES = YES;
				CLANG_ENABLE_OBJC_ARC = YES;
				CLANG_WARN_BLOCK_CAPTURE_AUTORELEASING = YES;
				CLANG_WARN_BOOL_CONVERSION = YES;
				CLANG_WARN_COMMA = YES;
				CLANG_WARN_CONSTANT_CONVERSION = YES;
				CLANG_WARN_DIRECT_OBJC_ISA_USAGE = YES_ERROR;
				CLANG_WARN_DOCUMENTATION_COMMENTS = YES;
				CLANG_WARN_EMPTY_BODY = YES;
				CLANG_WARN_ENUM_CONVERSION = YES;
				CLANG_WARN_INFINITE_RECURSION = YES;
				CLANG_WARN_INT_CONVERSION = YES;
				CLANG_WARN_NON_LITERAL_NULL_CONVERSION = YES;
				CLANG_WARN_OBJC_LITERAL_CONVERSION = YES;
				CLANG_WARN_OBJC_ROOT_CLASS = YES_ERROR;
				CLANG_WARN_RANGE_LOOP_ANALYSIS = YES;
				CLANG_WARN_STRICT_PROTOTYPES = YES;
				CLANG_WARN_SUSPICIOUS_MOVE = YES;
				CLANG_WARN_UNGUARDED_AVAILABILITY = YES_AGGRESSIVE;
				CLANG_WARN_UNREACHABLE_CODE = YES;
				CLANG_WARN__DUPLICATE_METHOD_MATCH = YES;
				CODE_SIGN_IDENTITY = "Mac Developer";
				COPY_PHASE_STRIP = NO;
				DEBUG_INFORMATION_FORMAT = dwarf;
				ENABLE_STRICT_OBJC_MSGSEND = YES;
				ENABLE_TESTABILITY = YES;
				GCC_C_LANGUAGE_STANDARD = gnu11;
				GCC_DYNAMIC_NO_PIC = NO;
				GCC_NO_COMMON_BLOCKS = YES;
				GCC_OPTIMIZATION_LEVEL = 0;
				GCC_PREPROCESSOR_DEFINITIONS = (
					"DEBUG=1",
					"$(inherited)",
				);
				GCC_WARN_64_TO_32_BIT_CONVERSION = YES;
				GCC_WARN_ABOUT_RETURN_TYPE = YES_ERROR;
				GCC_WARN_UNDECLARED_SELECTOR = YES;
				GCC_WARN_UNINITIALIZED_AUTOS = YES_AGGRESSIVE;
				GCC_WARN_UNUSED_FUNCTION = YES;
				GCC_WARN_UNUSED_VARIABLE = YES;
				MACOSX_DEPLOYMENT_TARGET = 10.10;
				MTL_ENABLE_DEBUG_INFO = YES;
				ONLY_ACTIVE_ARCH = YES;
				SDKROOT = macosx;
				SWIFT_ACTIVE_COMPILATION_CONDITIONS = DEBUG;
				SWIFT_OPTIMIZATION_LEVEL = "-Onone";
			};
			name = Debug;
		};
		8B0DF02B205EC71C00C7F823 /* Release */ = {
			isa = XCBuildConfiguration;
			buildSettings = {
				ALWAYS_SEARCH_USER_PATHS = NO;
				CLANG_ANALYZER_NONNULL = YES;
				CLANG_ANALYZER_NUMBER_OBJECT_CONVERSION = YES_AGGRESSIVE;
				CLANG_CXX_LANGUAGE_STANDARD = "gnu++14";
				CLANG_CXX_LIBRARY = "libc++";
				CLANG_ENABLE_MODULES = YES;
				CLANG_ENABLE_OBJC_ARC = YES;
				CLANG_WARN_BLOCK_CAPTURE_AUTORELEASING = YES;
				CLANG_WARN_BOOL_CONVERSION = YES;
				CLANG_WARN_COMMA = YES;
				CLANG_WARN_CONSTANT_CONVERSION = YES;
				CLANG_WARN_DIRECT_OBJC_ISA_USAGE = YES_ERROR;
				CLANG_WARN_DOCUMENTATION_COMMENTS = YES;
				CLANG_WARN_EMPTY_BODY = YES;
				CLANG_WARN_ENUM_CONVERSION = YES;
				CLANG_WARN_INFINITE_RECURSION = YES;
				CLANG_WARN_INT_CONVERSION = YES;
				CLANG_WARN_NON_LITERAL_NULL_CONVERSION = YES;
				CLANG_WARN_OBJC_LITERAL_CONVERSION = YES;
				CLANG_WARN_OBJC_ROOT_CLASS = YES_ERROR;
				CLANG_WARN_RANGE_LOOP_ANALYSIS = YES;
				CLANG_WARN_STRICT_PROTOTYPES = YES;
				CLANG_WARN_SUSPICIOUS_MOVE = YES;
				CLANG_WARN_UNGUARDED_AVAILABILITY = YES_AGGRESSIVE;
				CLANG_WARN_UNREACHABLE_CODE = YES;
				CLANG_WARN__DUPLICATE_METHOD_MATCH = YES;
				CODE_SIGN_IDENTITY = "Mac Developer";
				COPY_PHASE_STRIP = NO;
				DEBUG_INFORMATION_FORMAT = "dwarf-with-dsym";
				ENABLE_NS_ASSERTIONS = NO;
				ENABLE_STRICT_OBJC_MSGSEND = YES;
				GCC_C_LANGUAGE_STANDARD = gnu11;
				GCC_NO_COMMON_BLOCKS = YES;
				GCC_WARN_64_TO_32_BIT_CONVERSION = YES;
				GCC_WARN_ABOUT_RETURN_TYPE = YES_ERROR;
				GCC_WARN_UNDECLARED_SELECTOR = YES;
				GCC_WARN_UNINITIALIZED_AUTOS = YES_AGGRESSIVE;
				GCC_WARN_UNUSED_FUNCTION = YES;
				GCC_WARN_UNUSED_VARIABLE = YES;
				MACOSX_DEPLOYMENT_TARGET = 10.10;
				MTL_ENABLE_DEBUG_INFO = NO;
				SDKROOT = macosx;
				SWIFT_OPTIMIZATION_LEVEL = "-Owholemodule";
			};
			name = Release;
		};
		8B0DF02D205EC71C00C7F823 /* Debug */ = {
			isa = XCBuildConfiguration;
			baseConfigurationReference = 075584AEEB32F5D3901FFCC7 /* Pods-Scripty.debug.xcconfig */;
			buildSettings = {
				ASSETCATALOG_COMPILER_APPICON_NAME = AppIcon;
				CODE_SIGN_ENTITLEMENTS = Scripty/Application/Scripty.entitlements;
				CODE_SIGN_IDENTITY = "Mac Developer";
				CODE_SIGN_STYLE = Automatic;
				COMBINE_HIDPI_IMAGES = YES;
				DEVELOPMENT_TEAM = A4NNFV669G;
				INFOPLIST_FILE = "$(SRCROOT)/Scripty/Application/Info.plist";
				LD_RUNPATH_SEARCH_PATHS = "$(inherited) @executable_path/../Frameworks";
				PRODUCT_BUNDLE_IDENTIFIER = tech.buildy.Scripty;
				PRODUCT_NAME = "$(TARGET_NAME)";
				PROVISIONING_PROFILE_SPECIFIER = "";
				SWIFT_VERSION = 4.0;
			};
			name = Debug;
		};
		8B0DF02E205EC71C00C7F823 /* Release */ = {
			isa = XCBuildConfiguration;
			baseConfigurationReference = A68971C062A14CBD3BA5F595 /* Pods-Scripty.release.xcconfig */;
			buildSettings = {
				ASSETCATALOG_COMPILER_APPICON_NAME = AppIcon;
				CODE_SIGN_ENTITLEMENTS = Scripty/Application/Scripty.entitlements;
				CODE_SIGN_IDENTITY = "Mac Developer";
				CODE_SIGN_STYLE = Automatic;
				COMBINE_HIDPI_IMAGES = YES;
				DEVELOPMENT_TEAM = A4NNFV669G;
				INFOPLIST_FILE = "$(SRCROOT)/Scripty/Application/Info.plist";
				LD_RUNPATH_SEARCH_PATHS = "$(inherited) @executable_path/../Frameworks";
				PRODUCT_BUNDLE_IDENTIFIER = tech.buildy.Scripty;
				PRODUCT_NAME = "$(TARGET_NAME)";
				PROVISIONING_PROFILE_SPECIFIER = "";
				SWIFT_VERSION = 4.0;
			};
			name = Release;
		};
		8B0DF030205EC71C00C7F823 /* Debug */ = {
			isa = XCBuildConfiguration;
			baseConfigurationReference = 1927FC7C9469499B18746945 /* Pods-Scripty-ScriptyTests.debug.xcconfig */;
			buildSettings = {
				ALWAYS_EMBED_SWIFT_STANDARD_LIBRARIES = YES;
				BUNDLE_LOADER = "$(TEST_HOST)";
				CODE_SIGN_IDENTITY = "Mac Developer";
				CODE_SIGN_STYLE = Automatic;
				COMBINE_HIDPI_IMAGES = YES;
				DEVELOPMENT_TEAM = A4NNFV669G;
				INFOPLIST_FILE = ScriptyTests/Info.plist;
				LD_RUNPATH_SEARCH_PATHS = "$(inherited) @executable_path/../Frameworks @loader_path/../Frameworks";
				PRODUCT_BUNDLE_IDENTIFIER = tech.buildy.ScriptyTests;
				PRODUCT_NAME = "$(TARGET_NAME)";
				PROVISIONING_PROFILE_SPECIFIER = "";
				SWIFT_VERSION = 4.0;
				TEST_HOST = "$(BUILT_PRODUCTS_DIR)/Scripty.app/Contents/MacOS/Scripty";
			};
			name = Debug;
		};
		8B0DF031205EC71C00C7F823 /* Release */ = {
			isa = XCBuildConfiguration;
			baseConfigurationReference = C2982CEAD9182B27C4C45517 /* Pods-Scripty-ScriptyTests.release.xcconfig */;
			buildSettings = {
				ALWAYS_EMBED_SWIFT_STANDARD_LIBRARIES = YES;
				BUNDLE_LOADER = "$(TEST_HOST)";
				CODE_SIGN_IDENTITY = "Mac Developer";
				CODE_SIGN_STYLE = Automatic;
				COMBINE_HIDPI_IMAGES = YES;
				DEVELOPMENT_TEAM = A4NNFV669G;
				INFOPLIST_FILE = ScriptyTests/Info.plist;
				LD_RUNPATH_SEARCH_PATHS = "$(inherited) @executable_path/../Frameworks @loader_path/../Frameworks";
				PRODUCT_BUNDLE_IDENTIFIER = tech.buildy.ScriptyTests;
				PRODUCT_NAME = "$(TARGET_NAME)";
				PROVISIONING_PROFILE_SPECIFIER = "";
				SWIFT_VERSION = 4.0;
				TEST_HOST = "$(BUILT_PRODUCTS_DIR)/Scripty.app/Contents/MacOS/Scripty";
			};
			name = Release;
		};
/* End XCBuildConfiguration section */

/* Begin XCConfigurationList section */
		8B0DF00C205EC71B00C7F823 /* Build configuration list for PBXProject "Scripty" */ = {
			isa = XCConfigurationList;
			buildConfigurations = (
				8B0DF02A205EC71C00C7F823 /* Debug */,
				8B0DF02B205EC71C00C7F823 /* Release */,
			);
			defaultConfigurationIsVisible = 0;
			defaultConfigurationName = Release;
		};
		8B0DF02C205EC71C00C7F823 /* Build configuration list for PBXNativeTarget "Scripty" */ = {
			isa = XCConfigurationList;
			buildConfigurations = (
				8B0DF02D205EC71C00C7F823 /* Debug */,
				8B0DF02E205EC71C00C7F823 /* Release */,
			);
			defaultConfigurationIsVisible = 0;
			defaultConfigurationName = Release;
		};
		8B0DF02F205EC71C00C7F823 /* Build configuration list for PBXNativeTarget "ScriptyTests" */ = {
			isa = XCConfigurationList;
			buildConfigurations = (
				8B0DF030205EC71C00C7F823 /* Debug */,
				8B0DF031205EC71C00C7F823 /* Release */,
			);
			defaultConfigurationIsVisible = 0;
			defaultConfigurationName = Release;
		};
/* End XCConfigurationList section */
	};
	rootObject = 8B0DF009205EC71B00C7F823 /* Project object */;
}
